
Microsoft Visual Studio Solution File, Format Version 12.00
# Visual Studio Version 17
VisualStudioVersion = 17.11.35222.181
MinimumVisualStudioVersion = 10.0.40219.1
Project("{FAE04EC0-301F-11D3-BF4B-00C04F79EFBC}") = "ScrumPoker.Dto", "ScrumPoker.Dto\ScrumPoker.Dto.csproj", "{DA2CF4BD-5D9F-45D5-B8A0-45BBE7DA688D}"
EndProject
Project("{FAE04EC0-301F-11D3-BF4B-00C04F79EFBC}") = "ScrumPoker.Business", "ScrumPoker.Business\ScrumPoker.Business.csproj", "{D3D81566-9546-45D3-BA34-44A3F2EC33A9}"
EndProject
Project("{FAE04EC0-301F-11D3-BF4B-00C04F79EFBC}") = "ScrumPoker.Common", "ScrumPoker.Common\ScrumPoker.Common.csproj", "{CF980CA3-C7FF-4057-970E-515FD661FB15}"
EndProject
Project("{FAE04EC0-301F-11D3-BF4B-00C04F79EFBC}") = "ScrumPoker.Helper", "ScrumPoker.Helper\ScrumPoker.Helper.csproj", "{A2E6C716-E7D1-40DD-AB16-F60874FB1413}"
EndProject
Project("{2150E333-8FDC-42A3-9474-1A3956D46DE8}") = "Data", "Data", "{8FCA2161-613E-48D2-AEEF-F3735C67D3CD}"
EndProject
Project("{2150E333-8FDC-42A3-9474-1A3956D46DE8}") = "Presentation", "Presentation", "{5137D919-EF34-4702-80EC-0DE07B3B0C68}"
EndProject
Project("{2150E333-8FDC-42A3-9474-1A3956D46DE8}") = "Infrastructure", "Infrastructure", "{84EC2096-033C-42A9-A4AE-134F6EEA5E10}"
EndProject
Project("{FAE04EC0-301F-11D3-BF4B-00C04F79EFBC}") = "ScrumPoker.Web", "ScrumPoker.Web\ScrumPoker.Web.csproj", "{F62CD148-CF81-468C-A7B6-AF0887F2BBBC}"
EndProject
Project("{FAE04EC0-301F-11D3-BF4B-00C04F79EFBC}") = "ScrumPoker.DataAccess", "ScrumPoker.DataAccess\ScrumPoker.DataAccess.csproj", "{623229E9-42CD-4051-8E12-E92DFD72FDDC}"
EndProject
Project("{FAE04EC0-301F-11D3-BF4B-00C04F79EFBC}") = "ScrumPoker.DataProvider", "ScrumPoker.DataProvider\ScrumPoker.DataProvider.csproj", "{6EAF82AC-3E3A-49DA-9F31-377964BBDFA4}"
EndProject
Project("{FAE04EC0-301F-11D3-BF4B-00C04F79EFBC}") = "ScrumPoker.CustomException", "ScrumPoker.CustomException\ScrumPoker.CustomException.csproj", "{29F46074-5691-4744-8838-F5493A599EC5}"
EndProject
Project("{FAE04EC0-301F-11D3-BF4B-00C04F79EFBC}") = "ScrumPoker.Localization", "ScrumPoker.Localization\ScrumPoker.Localization.csproj", "{9436F4F2-A022-439D-A261-2DCA596FDD12}"
EndProject
Global
	GlobalSection(SolutionConfigurationPlatforms) = preSolution
		Debug|Any CPU = Debug|Any CPU
		Release|Any CPU = Release|Any CPU
	EndGlobalSection
	GlobalSection(ProjectConfigurationPlatforms) = postSolution
		{DA2CF4BD-5D9F-45D5-B8A0-45BBE7DA688D}.Debug|Any CPU.ActiveCfg = Debug|Any CPU
		{DA2CF4BD-5D9F-45D5-B8A0-45BBE7DA688D}.Debug|Any CPU.Build.0 = Debug|Any CPU
		{DA2CF4BD-5D9F-45D5-B8A0-45BBE7DA688D}.Release|Any CPU.ActiveCfg = Release|Any CPU
		{DA2CF4BD-5D9F-45D5-B8A0-45BBE7DA688D}.Release|Any CPU.Build.0 = Release|Any CPU
		{D3D81566-9546-45D3-BA34-44A3F2EC33A9}.Debug|Any CPU.ActiveCfg = Debug|Any CPU
		{D3D81566-9546-45D3-BA34-44A3F2EC33A9}.Debug|Any CPU.Build.0 = Debug|Any CPU
		{D3D81566-9546-45D3-BA34-44A3F2EC33A9}.Release|Any CPU.ActiveCfg = Release|Any CPU
		{D3D81566-9546-45D3-BA34-44A3F2EC33A9}.Release|Any CPU.Build.0 = Release|Any CPU
		{CF980CA3-C7FF-4057-970E-515FD661FB15}.Debug|Any CPU.ActiveCfg = Debug|Any CPU
		{CF980CA3-C7FF-4057-970E-515FD661FB15}.Debug|Any CPU.Build.0 = Debug|Any CPU
		{CF980CA3-C7FF-4057-970E-515FD661FB15}.Release|Any CPU.ActiveCfg = Release|Any CPU
		{CF980CA3-C7FF-4057-970E-515FD661FB15}.Release|Any CPU.Build.0 = Release|Any CPU
		{A2E6C716-E7D1-40DD-AB16-F60874FB1413}.Debug|Any CPU.ActiveCfg = Debug|Any CPU
		{A2E6C716-E7D1-40DD-AB16-F60874FB1413}.Debug|Any CPU.Build.0 = Debug|Any CPU
		{A2E6C716-E7D1-40DD-AB16-F60874FB1413}.Release|Any CPU.ActiveCfg = Release|Any CPU
		{A2E6C716-E7D1-40DD-AB16-F60874FB1413}.Release|Any CPU.Build.0 = Release|Any CPU
		{F62CD148-CF81-468C-A7B6-AF0887F2BBBC}.Debug|Any CPU.ActiveCfg = Debug|Any CPU
		{F62CD148-CF81-468C-A7B6-AF0887F2BBBC}.Debug|Any CPU.Build.0 = Debug|Any CPU
		{F62CD148-CF81-468C-A7B6-AF0887F2BBBC}.Release|Any CPU.ActiveCfg = Release|Any CPU
		{F62CD148-CF81-468C-A7B6-AF0887F2BBBC}.Release|Any CPU.Build.0 = Release|Any CPU
		{623229E9-42CD-4051-8E12-E92DFD72FDDC}.Debug|Any CPU.ActiveCfg = Debug|Any CPU
		{623229E9-42CD-4051-8E12-E92DFD72FDDC}.Debug|Any CPU.Build.0 = Debug|Any CPU
		{623229E9-42CD-4051-8E12-E92DFD72FDDC}.Release|Any CPU.ActiveCfg = Release|Any CPU
		{623229E9-42CD-4051-8E12-E92DFD72FDDC}.Release|Any CPU.Build.0 = Release|Any CPU
		{6EAF82AC-3E3A-49DA-9F31-377964BBDFA4}.Debug|Any CPU.ActiveCfg = Debug|Any CPU
		{6EAF82AC-3E3A-49DA-9F31-377964BBDFA4}.Debug|Any CPU.Build.0 = Debug|Any CPU
		{6EAF82AC-3E3A-49DA-9F31-377964BBDFA4}.Release|Any CPU.ActiveCfg = Release|Any CPU
		{6EAF82AC-3E3A-49DA-9F31-377964BBDFA4}.Release|Any CPU.Build.0 = Release|Any CPU
		{29F46074-5691-4744-8838-F5493A599EC5}.Debug|Any CPU.ActiveCfg = Debug|Any CPU
		{29F46074-5691-4744-8838-F5493A599EC5}.Debug|Any CPU.Build.0 = Debug|Any CPU
		{29F46074-5691-4744-8838-F5493A599EC5}.Release|Any CPU.ActiveCfg = Release|Any CPU
		{29F46074-5691-4744-8838-F5493A599EC5}.Release|Any CPU.Build.0 = Release|Any CPU
		{9436F4F2-A022-439D-A261-2DCA596FDD12}.Debug|Any CPU.ActiveCfg = Debug|Any CPU
		{9436F4F2-A022-439D-A261-2DCA596FDD12}.Debug|Any CPU.Build.0 = Debug|Any CPU
		{9436F4F2-A022-439D-A261-2DCA596FDD12}.Release|Any CPU.ActiveCfg = Release|Any CPU
		{9436F4F2-A022-439D-A261-2DCA596FDD12}.Release|Any CPU.Build.0 = Release|Any CPU
	EndGlobalSection
	GlobalSection(SolutionProperties) = preSolution
		HideSolutionNode = FALSE
	EndGlobalSection
	GlobalSection(NestedProjects) = preSolution
		{DA2CF4BD-5D9F-45D5-B8A0-45BBE7DA688D} = {84EC2096-033C-42A9-A4AE-134F6EEA5E10}
		{D3D81566-9546-45D3-BA34-44A3F2EC33A9} = {84EC2096-033C-42A9-A4AE-134F6EEA5E10}
		{CF980CA3-C7FF-4057-970E-515FD661FB15} = {84EC2096-033C-42A9-A4AE-134F6EEA5E10}
		{A2E6C716-E7D1-40DD-AB16-F60874FB1413} = {84EC2096-033C-42A9-A4AE-134F6EEA5E10}
		{F62CD148-CF81-468C-A7B6-AF0887F2BBBC} = {5137D919-EF34-4702-80EC-0DE07B3B0C68}
		{623229E9-42CD-4051-8E12-E92DFD72FDDC} = {84EC2096-033C-42A9-A4AE-134F6EEA5E10}
		{6EAF82AC-3E3A-49DA-9F31-377964BBDFA4} = {8FCA2161-613E-48D2-AEEF-F3735C67D3CD}
		{29F46074-5691-4744-8838-F5493A599EC5} = {84EC2096-033C-42A9-A4AE-134F6EEA5E10}
		{9436F4F2-A022-439D-A261-2DCA596FDD12} = {84EC2096-033C-42A9-A4AE-134F6EEA5E10}
	EndGlobalSection
	GlobalSection(ExtensibilityGlobals) = postSolution
		SolutionGuid = {06697BBF-D62F-4794-AE10-7C23D3C82AA4}
	EndGlobalSection
EndGlobal
